{
  "name": "tipandtale-strawberry-matcha-dark",
  "version": "1.0.10",
  "lockfileVersion": 3,
  "requires": true,
  "packages": {
    "": {
      "name": "tipandtale-strawberry-matcha-dark",
      "version": "1.0.10",
      "license": "MIT",
      "engines": {
        "vscode": "^1.60.0"
      }
    }
  }
}
